{
  "name": "vision-platform",
  "version": "0.0.0",
  "lockfileVersion": 3,
  "requires": true,
  "packages": {
    "": {
      "name": "vision-platform",
      "version": "0.0.0",
      "workspaces": [
        "packages/core-contracts",
        "packages/core-engine",
        "packages/calibration-engine",
        "packages/quality-engine",
        "packages/data-layer",
        "packages/simulation",
        "packages/validation",
        "packages/modules/*",
        "apps/*"
      ],
      "devDependencies": {
        "@types/node": "^26.0.0",
        "typescript": "^6.0.3"
      }
    },
    "node_modules/@types/node": {
      "version": "26.0.0",
      "resolved": "https://registry.npmjs.org/@types/node/-/node-26.0.0.tgz",
      "integrity": "sha512-vf2YFi1iY9lHGwNJMs01biZFbKJkrZR1T6/MlzjhJLPdntOHLhTrDSnSVcdtvjihi4VQNlrFRIxLsDBlQpAipA==",
      "dev": true,
      "license": "MIT",
      "dependencies": {
        "undici-types": "~8.3.0"
      }
    },
    "node_modules/@vision-platform/calibration-engine": {
      "resolved": "packages/calibration-engine",
      "link": true
    },
    "node_modules/@vision-platform/core-contracts": {
      "resolved": "packages/core-contracts",
      "link": true
    },
    "node_modules/@vision-platform/core-engine": {
      "resolved": "packages/core-engine",
      "link": true
    },
    "node_modules/@vision-platform/data-layer": {
      "resolved": "packages/data-layer",
      "link": true
    },
    "node_modules/@vision-platform/module-accommodation-vergence": {
      "resolved": "packages/modules/accommodation-vergence",
      "link": true
    },
    "node_modules/@vision-platform/module-acuity-pvanc": {
      "resolved": "packages/modules/acuity-pvanc",
      "link": true
    },
    "node_modules/@vision-platform/module-colour-vision": {
      "resolved": "packages/modules/colour-vision",
      "link": true
    },
    "node_modules/@vision-platform/module-contrast-sensitivity": {
      "resolved": "packages/modules/contrast-sensitivity",
      "link": true
    },
    "node_modules/@vision-platform/module-crowding": {
      "resolved": "packages/modules/crowding",
      "link": true
    },
    "node_modules/@vision-platform/module-fixation-stability": {
      "resolved": "packages/modules/fixation-stability",
      "link": true
    },
    "node_modules/@vision-platform/module-low-vision-tasks": {
      "resolved": "packages/modules/low-vision-tasks",
      "link": true
    },
    "node_modules/@vision-platform/module-near-acuity": {
      "resolved": "packages/modules/near-acuity",
      "link": true
    },
    "node_modules/@vision-platform/module-reaction-pupil": {
      "resolved": "packages/modules/reaction-pupil",
      "link": true
    },
    "node_modules/@vision-platform/module-reading": {
      "resolved": "packages/modules/reading",
      "link": true
    },
    "node_modules/@vision-platform/module-stereoacuity": {
      "resolved": "packages/modules/stereoacuity",
      "link": true
    },
    "node_modules/@vision-platform/module-suppression-rivalry": {
      "resolved": "packages/modules/suppression-rivalry",
      "link": true
    },
    "node_modules/@vision-platform/module-visual-field-screen": {
      "resolved": "packages/modules/visual-field-screen",
      "link": true
    },
    "node_modules/@vision-platform/quality-engine": {
      "resolved": "packages/quality-engine",
      "link": true
    },
    "node_modules/@vision-platform/simulation": {
      "resolved": "packages/simulation",
      "link": true
    },
    "node_modules/@vision-platform/validation": {
      "resolved": "packages/validation",
      "link": true
    },
    "node_modules/typescript": {
      "version": "6.0.3",
      "resolved": "https://registry.npmjs.org/typescript/-/typescript-6.0.3.tgz",
      "integrity": "sha512-y2TvuxSZPDyQakkFRPZHKFm+KKVqIisdg9/CZwm9ftvKXLP8NRWj38/ODjNbr43SsoXqNuAisEf1GdCxqWcdBw==",
      "dev": true,
      "license": "Apache-2.0",
      "bin": {
        "tsc": "bin/tsc",
        "tsserver": "bin/tsserver"
      },
      "engines": {
        "node": ">=14.17"
      }
    },
    "node_modules/undici-types": {
      "version": "8.3.0",
      "resolved": "https://registry.npmjs.org/undici-types/-/undici-types-8.3.0.tgz",
      "integrity": "sha512-j375ScV60dom+YkPFIfTLcOiPxkN/buHz5GobjLhixFuANaNs3C9l4GmrWqejgXWJ7BbJcFYpTEUkS1Ge8bpZQ==",
      "dev": true,
      "license": "MIT"
    },
    "packages/calibration-engine": {
      "name": "@vision-platform/calibration-engine",
      "version": "0.0.0"
    },
    "packages/core-contracts": {
      "name": "@vision-platform/core-contracts",
      "version": "0.0.0"
    },
    "packages/core-engine": {
      "name": "@vision-platform/core-engine",
      "version": "0.0.0"
    },
    "packages/data-layer": {
      "name": "@vision-platform/data-layer",
      "version": "0.0.0"
    },
    "packages/modules/accommodation-vergence": {
      "name": "@vision-platform/module-accommodation-vergence",
      "version": "0.0.0"
    },
    "packages/modules/acuity-pvanc": {
      "name": "@vision-platform/module-acuity-pvanc",
      "version": "0.0.0"
    },
    "packages/modules/colour-vision": {
      "name": "@vision-platform/module-colour-vision",
      "version": "0.0.0"
    },
    "packages/modules/contrast-sensitivity": {
      "name": "@vision-platform/module-contrast-sensitivity",
      "version": "0.0.0"
    },
    "packages/modules/crowding": {
      "name": "@vision-platform/module-crowding",
      "version": "0.0.0"
    },
    "packages/modules/fixation-stability": {
      "name": "@vision-platform/module-fixation-stability",
      "version": "0.0.0"
    },
    "packages/modules/low-vision-tasks": {
      "name": "@vision-platform/module-low-vision-tasks",
      "version": "0.0.0"
    },
    "packages/modules/near-acuity": {
      "name": "@vision-platform/module-near-acuity",
      "version": "0.0.0"
    },
    "packages/modules/reaction-pupil": {
      "name": "@vision-platform/module-reaction-pupil",
      "version": "0.0.0"
    },
    "packages/modules/reading": {
      "name": "@vision-platform/module-reading",
      "version": "0.0.0"
    },
    "packages/modules/stereoacuity": {
      "name": "@vision-platform/module-stereoacuity",
      "version": "0.0.0"
    },
    "packages/modules/suppression-rivalry": {
      "name": "@vision-platform/module-suppression-rivalry",
      "version": "0.0.0"
    },
    "packages/modules/visual-field-screen": {
      "name": "@vision-platform/module-visual-field-screen",
      "version": "0.0.0"
    },
    "packages/quality-engine": {
      "name": "@vision-platform/quality-engine",
      "version": "0.0.0"
    },
    "packages/simulation": {
      "name": "@vision-platform/simulation",
      "version": "0.0.0"
    },
    "packages/validation": {
      "name": "@vision-platform/validation",
      "version": "0.0.0"
    }
  }
}
